// !$*UTF8*$!
{
	archiveVersion = 1;
	classes = {
	};
	objectVersion = 50;
	objects = {

/* Begin PBXBuildFile section */
		265D34B624C7E37200A33686 /* NotificationMore.swift in Sources */ = {isa = PBXBuildFile; fileRef = 265D34B524C7E37200A33686 /* NotificationMore.swift */; };
		26CDB17324C54E50007C05A9 /* AppDelegate.swift in Sources */ = {isa = PBXBuildFile; fileRef = 26CDB17224C54E50007C05A9 /* AppDelegate.swift */; };
		26CDB17524C54E50007C05A9 /* SceneDelegate.swift in Sources */ = {isa = PBXBuildFile; fileRef = 26CDB17424C54E50007C05A9 /* SceneDelegate.swift */; };
		26CDB17A24C54E50007C05A9 /* Main.storyboard in Resources */ = {isa = PBXBuildFile; fileRef = 26CDB17824C54E50007C05A9 /* Main.storyboard */; };
		26CDB17C24C54E55007C05A9 /* Assets.xcassets in Resources */ = {isa = PBXBuildFile; fileRef = 26CDB17B24C54E55007C05A9 /* Assets.xcassets */; };
		26CDB17F24C54E55007C05A9 /* LaunchScreen.storyboard in Resources */ = {isa = PBXBuildFile; fileRef = 26CDB17D24C54E55007C05A9 /* LaunchScreen.storyboard */; };
		26CDB1E724C54ECF007C05A9 /* DZMReadController+Operation.swift in Sources */ = {isa = PBXBuildFile; fileRef = 26CDB18724C54ECE007C05A9 /* DZMReadController+Operation.swift */; };
		26CDB1ED24C54ECF007C05A9 /* String+Extension.swift in Sources */ = {isa = PBXBuildFile; fileRef = 26CDB19124C54ECE007C05A9 /* String+Extension.swift */; };
		26CDB1EE24C54ECF007C05A9 /* UIPageViewController+Extension.swift in Sources */ = {isa = PBXBuildFile; fileRef = 26CDB19224C54ECE007C05A9 /* UIPageViewController+Extension.swift */; };
		26CDB1EF24C54ECF007C05A9 /* DZMPublic.swift in Sources */ = {isa = PBXBuildFile; fileRef = 26CDB19424C54ECE007C05A9 /* DZMPublic.swift */; };
		26CDB1F024C54ECF007C05A9 /* DZMSpaceList.swift in Sources */ = {isa = PBXBuildFile; fileRef = 26CDB19524C54ECE007C05A9 /* DZMSpaceList.swift */; };
		26CDB1F124C54ECF007C05A9 /* DZMColorList.swift in Sources */ = {isa = PBXBuildFile; fileRef = 26CDB19624C54ECE007C05A9 /* DZMColorList.swift */; };
		26CDB1F224C54ECF007C05A9 /* DZMEnumList.swift in Sources */ = {isa = PBXBuildFile; fileRef = 26CDB19724C54ECE007C05A9 /* DZMEnumList.swift */; };
		26CDB1F324C54ECF007C05A9 /* DZMFontList.swift in Sources */ = {isa = PBXBuildFile; fileRef = 26CDB19824C54ECE007C05A9 /* DZMFontList.swift */; };
		26CDB1F424C54ECF007C05A9 /* DZMKeyedArchiver.swift in Sources */ = {isa = PBXBuildFile; fileRef = 26CDB19A24C54ECE007C05A9 /* DZMKeyedArchiver.swift */; };
		26CDB1F524C54ECF007C05A9 /* DZMCoreText.swift in Sources */ = {isa = PBXBuildFile; fileRef = 26CDB19B24C54ECE007C05A9 /* DZMCoreText.swift */; };
		26CDB1F624C54ECF007C05A9 /* DZMUserDefaults.swift in Sources */ = {isa = PBXBuildFile; fileRef = 26CDB19C24C54ECE007C05A9 /* DZMUserDefaults.swift */; };
		26CDB1F724C54ECF007C05A9 /* CoverController.m in Sources */ = {isa = PBXBuildFile; fileRef = 26CDB1A024C54ECE007C05A9 /* CoverController.m */; };
		26CDB1F824C54ECF007C05A9 /* UINavigationController+FDFullscreenPopGesture.m in Sources */ = {isa = PBXBuildFile; fileRef = 26CDB1A324C54ECE007C05A9 /* UINavigationController+FDFullscreenPopGesture.m */; };
		26CDB1F924C54ECF007C05A9 /* SegmentedControl.m in Sources */ = {isa = PBXBuildFile; fileRef = 26CDB1A524C54ECE007C05A9 /* SegmentedControl.m */; };
		26CDB1FA24C54ECF007C05A9 /* ASValuePopUpView.m in Sources */ = {isa = PBXBuildFile; fileRef = 26CDB1AA24C54ECE007C05A9 /* ASValuePopUpView.m */; };
		26CDB1FB24C54ECF007C05A9 /* ASValueTrackingSlider.m in Sources */ = {isa = PBXBuildFile; fileRef = 26CDB1AB24C54ECE007C05A9 /* ASValueTrackingSlider.m */; };
		26CDB1FF24C54ECF007C05A9 /* DZMTableView.swift in Sources */ = {isa = PBXBuildFile; fileRef = 26CDB1B224C54ECE007C05A9 /* DZMTableView.swift */; };
		26CDB20024C54ECF007C05A9 /* DZMViewController.swift in Sources */ = {isa = PBXBuildFile; fileRef = 26CDB1B324C54ECE007C05A9 /* DZMViewController.swift */; };
		26CDB20124C54ECF007C05A9 /* DZMReadViewScrollController.swift in Sources */ = {isa = PBXBuildFile; fileRef = 26CDB1B524C54ECF007C05A9 /* DZMReadViewScrollController.swift */; };
		26CDB20224C54ECF007C05A9 /* DZMReadLongPressViewController.swift in Sources */ = {isa = PBXBuildFile; fileRef = 26CDB1B624C54ECF007C05A9 /* DZMReadLongPressViewController.swift */; };
		26CDB20324C54ECF007C05A9 /* DZMReadViewController.swift in Sources */ = {isa = PBXBuildFile; fileRef = 26CDB1B724C54ECF007C05A9 /* DZMReadViewController.swift */; };
		26CDB20424C54ECF007C05A9 /* DZMReadViewBGController.swift in Sources */ = {isa = PBXBuildFile; fileRef = 26CDB1B824C54ECF007C05A9 /* DZMReadViewBGController.swift */; };
		26CDB20524C54ECF007C05A9 /* DZMReadViewCell.swift in Sources */ = {isa = PBXBuildFile; fileRef = 26CDB1BA24C54ECF007C05A9 /* DZMReadViewCell.swift */; };
		26CDB20624C54ECF007C05A9 /* DZMReadHomeView.swift in Sources */ = {isa = PBXBuildFile; fileRef = 26CDB1BB24C54ECF007C05A9 /* DZMReadHomeView.swift */; };
		26CDB20724C54ECF007C05A9 /* DZMReadViewStatusBottomView.swift in Sources */ = {isa = PBXBuildFile; fileRef = 26CDB1BC24C54ECF007C05A9 /* DZMReadViewStatusBottomView.swift */; };
		26CDB20824C54ECF007C05A9 /* DZMReadLongPressView.swift in Sources */ = {isa = PBXBuildFile; fileRef = 26CDB1BD24C54ECF007C05A9 /* DZMReadLongPressView.swift */; };
		26CDB20924C54ECF007C05A9 /* DZMReadViewStatusTopView.swift in Sources */ = {isa = PBXBuildFile; fileRef = 26CDB1BE24C54ECF007C05A9 /* DZMReadViewStatusTopView.swift */; };
		26CDB20A24C54ECF007C05A9 /* DZMReadLongPressCursorView.swift in Sources */ = {isa = PBXBuildFile; fileRef = 26CDB1BF24C54ECF007C05A9 /* DZMReadLongPressCursorView.swift */; };
		26CDB20B24C54ECF007C05A9 /* DZMReadView.swift in Sources */ = {isa = PBXBuildFile; fileRef = 26CDB1C024C54ECF007C05A9 /* DZMReadView.swift */; };
		26CDB20C24C54ECF007C05A9 /* DZMReadHomeViewCell.swift in Sources */ = {isa = PBXBuildFile; fileRef = 26CDB1C124C54ECF007C05A9 /* DZMReadHomeViewCell.swift */; };
		26CDB20D24C54ECF007C05A9 /* DZMReadTextParser.swift in Sources */ = {isa = PBXBuildFile; fileRef = 26CDB1C324C54ECF007C05A9 /* DZMReadTextParser.swift */; };
		26CDB20E24C54ECF007C05A9 /* DZMReadTextFastParser.swift in Sources */ = {isa = PBXBuildFile; fileRef = 26CDB1C424C54ECF007C05A9 /* DZMReadTextFastParser.swift */; };
		26CDB20F24C54ECF007C05A9 /* DZMReadParser.swift in Sources */ = {isa = PBXBuildFile; fileRef = 26CDB1C524C54ECF007C05A9 /* DZMReadParser.swift */; };
		26CDB21024C54ECF007C05A9 /* DZMReadConfigure.swift in Sources */ = {isa = PBXBuildFile; fileRef = 26CDB1C624C54ECF007C05A9 /* DZMReadConfigure.swift */; };
		26CDB21124C54ECF007C05A9 /* DZMRMFontSizeView.swift in Sources */ = {isa = PBXBuildFile; fileRef = 26CDB1C924C54ECF007C05A9 /* DZMRMFontSizeView.swift */; };
		26CDB21224C54ECF007C05A9 /* DZMRMFontTypeView.swift in Sources */ = {isa = PBXBuildFile; fileRef = 26CDB1CA24C54ECF007C05A9 /* DZMRMFontTypeView.swift */; };
		26CDB21324C54ECF007C05A9 /* DZMRMSettingView.swift in Sources */ = {isa = PBXBuildFile; fileRef = 26CDB1CB24C54ECF007C05A9 /* DZMRMSettingView.swift */; };
		26CDB21424C54ECF007C05A9 /* DZMRMEffectTypeView.swift in Sources */ = {isa = PBXBuildFile; fileRef = 26CDB1CC24C54ECF007C05A9 /* DZMRMEffectTypeView.swift */; };
		26CDB21524C54ECF007C05A9 /* DZMRMSpacingView.swift in Sources */ = {isa = PBXBuildFile; fileRef = 26CDB1CD24C54ECF007C05A9 /* DZMRMSpacingView.swift */; };
		26CDB21624C54ECF007C05A9 /* DZMReadMenu.swift in Sources */ = {isa = PBXBuildFile; fileRef = 26CDB1CE24C54ECF007C05A9 /* DZMReadMenu.swift */; };
		26CDB21724C54ECF007C05A9 /* DZMRMTopView.swift in Sources */ = {isa = PBXBuildFile; fileRef = 26CDB1CF24C54ECF007C05A9 /* DZMRMTopView.swift */; };
		26CDB21824C54ECF007C05A9 /* DZMRMBaseView.swift in Sources */ = {isa = PBXBuildFile; fileRef = 26CDB1D024C54ECF007C05A9 /* DZMRMBaseView.swift */; };
		26CDB21924C54ECF007C05A9 /* DZMRMProgressView.swift in Sources */ = {isa = PBXBuildFile; fileRef = 26CDB1D224C54ECF007C05A9 /* DZMRMProgressView.swift */; };
		26CDB21A24C54ECF007C05A9 /* DZMRMBottomView.swift in Sources */ = {isa = PBXBuildFile; fileRef = 26CDB1D324C54ECF007C05A9 /* DZMRMBottomView.swift */; };
		26CDB21B24C54ECF007C05A9 /* DZMRMFuncView.swift in Sources */ = {isa = PBXBuildFile; fileRef = 26CDB1D424C54ECF007C05A9 /* DZMRMFuncView.swift */; };
		26CDB21C24C54ECF007C05A9 /* DZMReadController.swift in Sources */ = {isa = PBXBuildFile; fileRef = 26CDB1D524C54ECF007C05A9 /* DZMReadController.swift */; };
		26CDB21D24C54ECF007C05A9 /* DZMReadRecordModel.swift in Sources */ = {isa = PBXBuildFile; fileRef = 26CDB1D724C54ECF007C05A9 /* DZMReadRecordModel.swift */; };
		26CDB21E24C54ECF007C05A9 /* DZMReadModel.swift in Sources */ = {isa = PBXBuildFile; fileRef = 26CDB1D824C54ECF007C05A9 /* DZMReadModel.swift */; };
		26CDB21F24C54ECF007C05A9 /* DZMReadModel+Mark.swift in Sources */ = {isa = PBXBuildFile; fileRef = 26CDB1D924C54ECF007C05A9 /* DZMReadModel+Mark.swift */; };
		26CDB22024C54ECF007C05A9 /* DZMReadChapterListModel.swift in Sources */ = {isa = PBXBuildFile; fileRef = 26CDB1DA24C54ECF007C05A9 /* DZMReadChapterListModel.swift */; };
		26CDB22124C54ECF007C05A9 /* DZMReadMarkModel.swift in Sources */ = {isa = PBXBuildFile; fileRef = 26CDB1DB24C54ECF007C05A9 /* DZMReadMarkModel.swift */; };
		26CDB22224C54ECF007C05A9 /* DZMReadChapterModel.swift in Sources */ = {isa = PBXBuildFile; fileRef = 26CDB1DC24C54ECF007C05A9 /* DZMReadChapterModel.swift */; };
		26CDB22324C54ECF007C05A9 /* DZMReadPageModel.swift in Sources */ = {isa = PBXBuildFile; fileRef = 26CDB1DD24C54ECF007C05A9 /* DZMReadPageModel.swift */; };
		26CDB22424C54ECF007C05A9 /* DZMReadCatalogCell.swift in Sources */ = {isa = PBXBuildFile; fileRef = 26CDB1E024C54ECF007C05A9 /* DZMReadCatalogCell.swift */; };
		26CDB22524C54ECF007C05A9 /* DZMReadCatalogView.swift in Sources */ = {isa = PBXBuildFile; fileRef = 26CDB1E124C54ECF007C05A9 /* DZMReadCatalogView.swift */; };
		26CDB22624C54ECF007C05A9 /* DZMReadMarkCell.swift in Sources */ = {isa = PBXBuildFile; fileRef = 26CDB1E224C54ECF007C05A9 /* DZMReadMarkCell.swift */; };
		26CDB22724C54ECF007C05A9 /* DZMReadMarkView.swift in Sources */ = {isa = PBXBuildFile; fileRef = 26CDB1E324C54ECF007C05A9 /* DZMReadMarkView.swift */; };
		26CDB22824C54ECF007C05A9 /* DZMReadLeftView.swift in Sources */ = {isa = PBXBuildFile; fileRef = 26CDB1E424C54ECF007C05A9 /* DZMReadLeftView.swift */; };
		26CDB22924C54ECF007C05A9 /* DZMReadContentView.swift in Sources */ = {isa = PBXBuildFile; fileRef = 26CDB1E524C54ECF007C05A9 /* DZMReadContentView.swift */; };
		26CDB22A24C54ECF007C05A9 /* DZMReadController+EffectType.swift in Sources */ = {isa = PBXBuildFile; fileRef = 26CDB1E624C54ECF007C05A9 /* DZMReadController+EffectType.swift */; };
		26CDB22C24C54F13007C05A9 /* DZMMainController.swift in Sources */ = {isa = PBXBuildFile; fileRef = 26CDB22B24C54F13007C05A9 /* DZMMainController.swift */; };
		26CDB23024C550CE007C05A9 /* 三国演义.txt in Resources */ = {isa = PBXBuildFile; fileRef = 26CDB22F24C550CE007C05A9 /* 三国演义.txt */; };
		26CDB23724C5678F007C05A9 /* IndexPathMore.swift in Sources */ = {isa = PBXBuildFile; fileRef = 26CDB23224C5678F007C05A9 /* IndexPathMore.swift */; };
		26CDB23824C5678F007C05A9 /* ArrayMore.swift in Sources */ = {isa = PBXBuildFile; fileRef = 26CDB23324C5678F007C05A9 /* ArrayMore.swift */; };
		26CDB23924C5678F007C05A9 /* NSRangeMore.swift in Sources */ = {isa = PBXBuildFile; fileRef = 26CDB23424C5678F007C05A9 /* NSRangeMore.swift */; };
		26CDB23A24C5678F007C05A9 /* FloatMore.swift in Sources */ = {isa = PBXBuildFile; fileRef = 26CDB23524C5678F007C05A9 /* FloatMore.swift */; };
		26CDB23B24C5678F007C05A9 /* NSNumberMore.swift in Sources */ = {isa = PBXBuildFile; fileRef = 26CDB23624C5678F007C05A9 /* NSNumberMore.swift */; };
/* End PBXBuildFile section */

/* Begin PBXFileReference section */
		265D34B524C7E37200A33686 /* NotificationMore.swift */ = {isa = PBXFileReference; lastKnownFileType = sourcecode.swift; path = NotificationMore.swift; sourceTree = "<group>"; };
		26CDB16F24C54E50007C05A9 /* txtReader.app */ = {isa = PBXFileReference; explicitFileType = wrapper.application; includeInIndex = 0; path = txtReader.app; sourceTree = BUILT_PRODUCTS_DIR; };
		26CDB17224C54E50007C05A9 /* AppDelegate.swift */ = {isa = PBXFileReference; lastKnownFileType = sourcecode.swift; path = AppDelegate.swift; sourceTree = "<group>"; };
		26CDB17424C54E50007C05A9 /* SceneDelegate.swift */ = {isa = PBXFileReference; lastKnownFileType = sourcecode.swift; path = SceneDelegate.swift; sourceTree = "<group>"; };
		26CDB17924C54E50007C05A9 /* Base */ = {isa = PBXFileReference; lastKnownFileType = file.storyboard; name = Base; path = Base.lproj/Main.storyboard; sourceTree = "<group>"; };
		26CDB17B24C54E55007C05A9 /* Assets.xcassets */ = {isa = PBXFileReference; lastKnownFileType = folder.assetcatalog; path = Assets.xcassets; sourceTree = "<group>"; };
		26CDB17E24C54E55007C05A9 /* Base */ = {isa = PBXFileReference; lastKnownFileType = file.storyboard; name = Base; path = Base.lproj/LaunchScreen.storyboard; sourceTree = "<group>"; };
		26CDB18024C54E55007C05A9 /* Info.plist */ = {isa = PBXFileReference; lastKnownFileType = text.plist.xml; path = Info.plist; sourceTree = "<group>"; };
		26CDB18724C54ECE007C05A9 /* DZMReadController+Operation.swift */ = {isa = PBXFileReference; fileEncoding = 4; lastKnownFileType = sourcecode.swift; path = "DZMReadController+Operation.swift"; sourceTree = "<group>"; };
		26CDB19124C54ECE007C05A9 /* String+Extension.swift */ = {isa = PBXFileReference; fileEncoding = 4; lastKnownFileType = sourcecode.swift; path = "String+Extension.swift"; sourceTree = "<group>"; };
		26CDB19224C54ECE007C05A9 /* UIPageViewController+Extension.swift */ = {isa = PBXFileReference; fileEncoding = 4; lastKnownFileType = sourcecode.swift; path = "UIPageViewController+Extension.swift"; sourceTree = "<group>"; };
		26CDB19424C54ECE007C05A9 /* DZMPublic.swift */ = {isa = PBXFileReference; fileEncoding = 4; lastKnownFileType = sourcecode.swift; path = DZMPublic.swift; sourceTree = "<group>"; };
		26CDB19524C54ECE007C05A9 /* DZMSpaceList.swift */ = {isa = PBXFileReference; fileEncoding = 4; lastKnownFileType = sourcecode.swift; path = DZMSpaceList.swift; sourceTree = "<group>"; };
		26CDB19624C54ECE007C05A9 /* DZMColorList.swift */ = {isa = PBXFileReference; fileEncoding = 4; lastKnownFileType = sourcecode.swift; path = DZMColorList.swift; sourceTree = "<group>"; };
		26CDB19724C54ECE007C05A9 /* DZMEnumList.swift */ = {isa = PBXFileReference; fileEncoding = 4; lastKnownFileType = sourcecode.swift; path = DZMEnumList.swift; sourceTree = "<group>"; };
		26CDB19824C54ECE007C05A9 /* DZMFontList.swift */ = {isa = PBXFileReference; fileEncoding = 4; lastKnownFileType = sourcecode.swift; path = DZMFontList.swift; sourceTree = "<group>"; };
		26CDB19A24C54ECE007C05A9 /* DZMKeyedArchiver.swift */ = {isa = PBXFileReference; fileEncoding = 4; lastKnownFileType = sourcecode.swift; path = DZMKeyedArchiver.swift; sourceTree = "<group>"; };
		26CDB19B24C54ECE007C05A9 /* DZMCoreText.swift */ = {isa = PBXFileReference; fileEncoding = 4; lastKnownFileType = sourcecode.swift; path = DZMCoreText.swift; sourceTree = "<group>"; };
		26CDB19C24C54ECE007C05A9 /* DZMUserDefaults.swift */ = {isa = PBXFileReference; fileEncoding = 4; lastKnownFileType = sourcecode.swift; path = DZMUserDefaults.swift; sourceTree = "<group>"; };
		26CDB19F24C54ECE007C05A9 /* CoverController.h */ = {isa = PBXFileReference; fileEncoding = 4; lastKnownFileType = sourcecode.c.h; path = CoverController.h; sourceTree = "<group>"; };
		26CDB1A024C54ECE007C05A9 /* CoverController.m */ = {isa = PBXFileReference; fileEncoding = 4; lastKnownFileType = sourcecode.c.objc; path = CoverController.m; sourceTree = "<group>"; };
		26CDB1A224C54ECE007C05A9 /* UINavigationController+FDFullscreenPopGesture.h */ = {isa = PBXFileReference; fileEncoding = 4; lastKnownFileType = sourcecode.c.h; path = "UINavigationController+FDFullscreenPopGesture.h"; sourceTree = "<group>"; };
		26CDB1A324C54ECE007C05A9 /* UINavigationController+FDFullscreenPopGesture.m */ = {isa = PBXFileReference; fileEncoding = 4; lastKnownFileType = sourcecode.c.objc; path = "UINavigationController+FDFullscreenPopGesture.m"; sourceTree = "<group>"; };
		26CDB1A524C54ECE007C05A9 /* SegmentedControl.m */ = {isa = PBXFileReference; fileEncoding = 4; lastKnownFileType = sourcecode.c.objc; path = SegmentedControl.m; sourceTree = "<group>"; };
		26CDB1A624C54ECE007C05A9 /* SegmentedControl.h */ = {isa = PBXFileReference; fileEncoding = 4; lastKnownFileType = sourcecode.c.h; path = SegmentedControl.h; sourceTree = "<group>"; };
		26CDB1A824C54ECE007C05A9 /* ASValuePopUpView.h */ = {isa = PBXFileReference; fileEncoding = 4; lastKnownFileType = sourcecode.c.h; path = ASValuePopUpView.h; sourceTree = "<group>"; };
		26CDB1A924C54ECE007C05A9 /* ASValueTrackingSlider.h */ = {isa = PBXFileReference; fileEncoding = 4; lastKnownFileType = sourcecode.c.h; path = ASValueTrackingSlider.h; sourceTree = "<group>"; };
		26CDB1AA24C54ECE007C05A9 /* ASValuePopUpView.m */ = {isa = PBXFileReference; fileEncoding = 4; lastKnownFileType = sourcecode.c.objc; path = ASValuePopUpView.m; sourceTree = "<group>"; };
		26CDB1AB24C54ECE007C05A9 /* ASValueTrackingSlider.m */ = {isa = PBXFileReference; fileEncoding = 4; lastKnownFileType = sourcecode.c.objc; path = ASValueTrackingSlider.m; sourceTree = "<group>"; };
		26CDB1B224C54ECE007C05A9 /* DZMTableView.swift */ = {isa = PBXFileReference; fileEncoding = 4; lastKnownFileType = sourcecode.swift; path = DZMTableView.swift; sourceTree = "<group>"; };
		26CDB1B324C54ECE007C05A9 /* DZMViewController.swift */ = {isa = PBXFileReference; fileEncoding = 4; lastKnownFileType = sourcecode.swift; path = DZMViewController.swift; sourceTree = "<group>"; };
		26CDB1B524C54ECF007C05A9 /* DZMReadViewScrollController.swift */ = {isa = PBXFileReference; fileEncoding = 4; lastKnownFileType = sourcecode.swift; path = DZMReadViewScrollController.swift; sourceTree = "<group>"; };
		26CDB1B624C54ECF007C05A9 /* DZMReadLongPressViewController.swift */ = {isa = PBXFileReference; fileEncoding = 4; lastKnownFileType = sourcecode.swift; path = DZMReadLongPressViewController.swift; sourceTree = "<group>"; };
		26CDB1B724C54ECF007C05A9 /* DZMReadViewController.swift */ = {isa = PBXFileReference; fileEncoding = 4; lastKnownFileType = sourcecode.swift; path = DZMReadViewController.swift; sourceTree = "<group>"; };
		26CDB1B824C54ECF007C05A9 /* DZMReadViewBGController.swift */ = {isa = PBXFileReference; fileEncoding = 4; lastKnownFileType = sourcecode.swift; path = DZMReadViewBGController.swift; sourceTree = "<group>"; };
		26CDB1BA24C54ECF007C05A9 /* DZMReadViewCell.swift */ = {isa = PBXFileReference; fileEncoding = 4; lastKnownFileType = sourcecode.swift; path = DZMReadViewCell.swift; sourceTree = "<group>"; };
		26CDB1BB24C54ECF007C05A9 /* DZMReadHomeView.swift */ = {isa = PBXFileReference; fileEncoding = 4; lastKnownFileType = sourcecode.swift; path = DZMReadHomeView.swift; sourceTree = "<group>"; };
		26CDB1BC24C54ECF007C05A9 /* DZMReadViewStatusBottomView.swift */ = {isa = PBXFileReference; fileEncoding = 4; lastKnownFileType = sourcecode.swift; path = DZMReadViewStatusBottomView.swift; sourceTree = "<group>"; };
		26CDB1BD24C54ECF007C05A9 /* DZMReadLongPressView.swift */ = {isa = PBXFileReference; fileEncoding = 4; lastKnownFileType = sourcecode.swift; path = DZMReadLongPressView.swift; sourceTree = "<group>"; };
		26CDB1BE24C54ECF007C05A9 /* DZMReadViewStatusTopView.swift */ = {isa = PBXFileReference; fileEncoding = 4; lastKnownFileType = sourcecode.swift; path = DZMReadViewStatusTopView.swift; sourceTree = "<group>"; };
		26CDB1BF24C54ECF007C05A9 /* DZMReadLongPressCursorView.swift */ = {isa = PBXFileReference; fileEncoding = 4; lastKnownFileType = sourcecode.swift; path = DZMReadLongPressCursorView.swift; sourceTree = "<group>"; };
		26CDB1C024C54ECF007C05A9 /* DZMReadView.swift */ = {isa = PBXFileReference; fileEncoding = 4; lastKnownFileType = sourcecode.swift; path = DZMReadView.swift; sourceTree = "<group>"; };
		26CDB1C124C54ECF007C05A9 /* DZMReadHomeViewCell.swift */ = {isa = PBXFileReference; fileEncoding = 4; lastKnownFileType = sourcecode.swift; path = DZMReadHomeViewCell.swift; sourceTree = "<group>"; };
		26CDB1C324C54ECF007C05A9 /* DZMReadTextParser.swift */ = {isa = PBXFileReference; fileEncoding = 4; lastKnownFileType = sourcecode.swift; path = DZMReadTextParser.swift; sourceTree = "<group>"; };
		26CDB1C424C54ECF007C05A9 /* DZMReadTextFastParser.swift */ = {isa = PBXFileReference; fileEncoding = 4; lastKnownFileType = sourcecode.swift; path = DZMReadTextFastParser.swift; sourceTree = "<group>"; };
		26CDB1C524C54ECF007C05A9 /* DZMReadParser.swift */ = {isa = PBXFileReference; fileEncoding = 4; lastKnownFileType = sourcecode.swift; path = DZMReadParser.swift; sourceTree = "<group>"; };
		26CDB1C624C54ECF007C05A9 /* DZMReadConfigure.swift */ = {isa = PBXFileReference; fileEncoding = 4; lastKnownFileType = sourcecode.swift; path = DZMReadConfigure.swift; sourceTree = "<group>"; };
		26CDB1C924C54ECF007C05A9 /* DZMRMFontSizeView.swift */ = {isa = PBXFileReference; fileEncoding = 4; lastKnownFileType = sourcecode.swift; path = DZMRMFontSizeView.swift; sourceTree = "<group>"; };
		26CDB1CA24C54ECF007C05A9 /* DZMRMFontTypeView.swift */ = {isa = PBXFileReference; fileEncoding = 4; lastKnownFileType = sourcecode.swift; path = DZMRMFontTypeView.swift; sourceTree = "<group>"; };
		26CDB1CB24C54ECF007C05A9 /* DZMRMSettingView.swift */ = {isa = PBXFileReference; fileEncoding = 4; lastKnownFileType = sourcecode.swift; path = DZMRMSettingView.swift; sourceTree = "<group>"; };
		26CDB1CC24C54ECF007C05A9 /* DZMRMEffectTypeView.swift */ = {isa = PBXFileReference; fileEncoding = 4; lastKnownFileType = sourcecode.swift; path = DZMRMEffectTypeView.swift; sourceTree = "<group>"; };
		26CDB1CD24C54ECF007C05A9 /* DZMRMSpacingView.swift */ = {isa = PBXFileReference; fileEncoding = 4; lastKnownFileType = sourcecode.swift; path = DZMRMSpacingView.swift; sourceTree = "<group>"; };
		26CDB1CE24C54ECF007C05A9 /* DZMReadMenu.swift */ = {isa = PBXFileReference; fileEncoding = 4; lastKnownFileType = sourcecode.swift; path = DZMReadMenu.swift; sourceTree = "<group>"; };
		26CDB1CF24C54ECF007C05A9 /* DZMRMTopView.swift */ = {isa = PBXFileReference; fileEncoding = 4; lastKnownFileType = sourcecode.swift; path = DZMRMTopView.swift; sourceTree = "<group>"; };
		26CDB1D024C54ECF007C05A9 /* DZMRMBaseView.swift */ = {isa = PBXFileReference; fileEncoding = 4; lastKnownFileType = sourcecode.swift; path = DZMRMBaseView.swift; sourceTree = "<group>"; };
		26CDB1D224C54ECF007C05A9 /* DZMRMProgressView.swift */ = {isa = PBXFileReference; fileEncoding = 4; lastKnownFileType = sourcecode.swift; path = DZMRMProgressView.swift; sourceTree = "<group>"; };
		26CDB1D324C54ECF007C05A9 /* DZMRMBottomView.swift */ = {isa = PBXFileReference; fileEncoding = 4; lastKnownFileType = sourcecode.swift; path = DZMRMBottomView.swift; sourceTree = "<group>"; };
		26CDB1D424C54ECF007C05A9 /* DZMRMFuncView.swift */ = {isa = PBXFileReference; fileEncoding = 4; lastKnownFileType = sourcecode.swift; path = DZMRMFuncView.swift; sourceTree = "<group>"; };
		26CDB1D524C54ECF007C05A9 /* DZMReadController.swift */ = {isa = PBXFileReference; fileEncoding = 4; lastKnownFileType = sourcecode.swift; path = DZMReadController.swift; sourceTree = "<group>"; };
		26CDB1D724C54ECF007C05A9 /* DZMReadRecordModel.swift */ = {isa = PBXFileReference; fileEncoding = 4; lastKnownFileType = sourcecode.swift; path = DZMReadRecordModel.swift; sourceTree = "<group>"; };
		26CDB1D824C54ECF007C05A9 /* DZMReadModel.swift */ = {isa = PBXFileReference; fileEncoding = 4; lastKnownFileType = sourcecode.swift; path = DZMReadModel.swift; sourceTree = "<group>"; };
		26CDB1D924C54ECF007C05A9 /* DZMReadModel+Mark.swift */ = {isa = PBXFileReference; fileEncoding = 4; lastKnownFileType = sourcecode.swift; path = "DZMReadModel+Mark.swift"; sourceTree = "<group>"; };
		26CDB1DA24C54ECF007C05A9 /* DZMReadChapterListModel.swift */ = {isa = PBXFileReference; fileEncoding = 4; lastKnownFileType = sourcecode.swift; path = DZMReadChapterListModel.swift; sourceTree = "<group>"; };
		26CDB1DB24C54ECF007C05A9 /* DZMReadMarkModel.swift */ = {isa = PBXFileReference; fileEncoding = 4; lastKnownFileType = sourcecode.swift; path = DZMReadMarkModel.swift; sourceTree = "<group>"; };
		26CDB1DC24C54ECF007C05A9 /* DZMReadChapterModel.swift */ = {isa = PBXFileReference; fileEncoding = 4; lastKnownFileType = sourcecode.swift; path = DZMReadChapterModel.swift; sourceTree = "<group>"; };
		26CDB1DD24C54ECF007C05A9 /* DZMReadPageModel.swift */ = {isa = PBXFileReference; fileEncoding = 4; lastKnownFileType = sourcecode.swift; path = DZMReadPageModel.swift; sourceTree = "<group>"; };
		26CDB1E024C54ECF007C05A9 /* DZMReadCatalogCell.swift */ = {isa = PBXFileReference; fileEncoding = 4; lastKnownFileType = sourcecode.swift; path = DZMReadCatalogCell.swift; sourceTree = "<group>"; };
		26CDB1E124C54ECF007C05A9 /* DZMReadCatalogView.swift */ = {isa = PBXFileReference; fileEncoding = 4; lastKnownFileType = sourcecode.swift; path = DZMReadCatalogView.swift; sourceTree = "<group>"; };
		26CDB1E224C54ECF007C05A9 /* DZMReadMarkCell.swift */ = {isa = PBXFileReference; fileEncoding = 4; lastKnownFileType = sourcecode.swift; path = DZMReadMarkCell.swift; sourceTree = "<group>"; };
		26CDB1E324C54ECF007C05A9 /* DZMReadMarkView.swift */ = {isa = PBXFileReference; fileEncoding = 4; lastKnownFileType = sourcecode.swift; path = DZMReadMarkView.swift; sourceTree = "<group>"; };
		26CDB1E424C54ECF007C05A9 /* DZMReadLeftView.swift */ = {isa = PBXFileReference; fileEncoding = 4; lastKnownFileType = sourcecode.swift; path = DZMReadLeftView.swift; sourceTree = "<group>"; };
		26CDB1E524C54ECF007C05A9 /* DZMReadContentView.swift */ = {isa = PBXFileReference; fileEncoding = 4; lastKnownFileType = sourcecode.swift; path = DZMReadContentView.swift; sourceTree = "<group>"; };
		26CDB1E624C54ECF007C05A9 /* DZMReadController+EffectType.swift */ = {isa = PBXFileReference; fileEncoding = 4; lastKnownFileType = sourcecode.swift; path = "DZMReadController+EffectType.swift"; sourceTree = "<group>"; };
		26CDB22B24C54F13007C05A9 /* DZMMainController.swift */ = {isa = PBXFileReference; fileEncoding = 4; lastKnownFileType = sourcecode.swift; path = DZMMainController.swift; sourceTree = "<group>"; };
		26CDB22D24C54F55007C05A9 /* Bridging-Pch.h */ = {isa = PBXFileReference; fileEncoding = 4; lastKnownFileType = sourcecode.c.h; path = "Bridging-Pch.h"; sourceTree = "<group>"; };
		26CDB22F24C550CE007C05A9 /* 三国演义.txt */ = {isa = PBXFileReference; fileEncoding = 4; lastKnownFileType = text; path = "三国演义.txt"; sourceTree = "<group>"; };
		26CDB23224C5678F007C05A9 /* IndexPathMore.swift */ = {isa = PBXFileReference; fileEncoding = 4; lastKnownFileType = sourcecode.swift; path = IndexPathMore.swift; sourceTree = "<group>"; };
		26CDB23324C5678F007C05A9 /* ArrayMore.swift */ = {isa = PBXFileReference; fileEncoding = 4; lastKnownFileType = sourcecode.swift; path = ArrayMore.swift; sourceTree = "<group>"; };
		26CDB23424C5678F007C05A9 /* NSRangeMore.swift */ = {isa = PBXFileReference; fileEncoding = 4; lastKnownFileType = sourcecode.swift; path = NSRangeMore.swift; sourceTree = "<group>"; };
		26CDB23524C5678F007C05A9 /* FloatMore.swift */ = {isa = PBXFileReference; fileEncoding = 4; lastKnownFileType = sourcecode.swift; path = FloatMore.swift; sourceTree = "<group>"; };
		26CDB23624C5678F007C05A9 /* NSNumberMore.swift */ = {isa = PBXFileReference; fileEncoding = 4; lastKnownFileType = sourcecode.swift; path = NSNumberMore.swift; sourceTree = "<group>"; };
/* End PBXFileReference section */

/* Begin PBXFrameworksBuildPhase section */
		26CDB16C24C54E50007C05A9 /* Frameworks */ = {
			isa = PBXFrameworksBuildPhase;
			buildActionMask = 2147483647;
			files = (
			);
			runOnlyForDeploymentPostprocessing = 0;
		};
/* End PBXFrameworksBuildPhase section */

/* Begin PBXGroup section */
		26CDB16624C54E50007C05A9 = {
			isa = PBXGroup;
			children = (
				26CDB17124C54E50007C05A9 /* txtReader */,
				26CDB17024C54E50007C05A9 /* Products */,
			);
			sourceTree = "<group>";
		};
		26CDB17024C54E50007C05A9 /* Products */ = {
			isa = PBXGroup;
			children = (
				26CDB16F24C54E50007C05A9 /* txtReader.app */,
			);
			name = Products;
			sourceTree = "<group>";
		};
		26CDB17124C54E50007C05A9 /* txtReader */ = {
			isa = PBXGroup;
			children = (
				26CDB17224C54E50007C05A9 /* AppDelegate.swift */,
				26CDB17B24C54E55007C05A9 /* Assets.xcassets */,
				26CDB22D24C54F55007C05A9 /* Bridging-Pch.h */,
				26CDB18624C54ECE007C05A9 /* DZMeBookRead */,
				26CDB22B24C54F13007C05A9 /* DZMMainController.swift */,
				26CDB18024C54E55007C05A9 /* Info.plist */,
				26CDB17D24C54E55007C05A9 /* LaunchScreen.storyboard */,
				26CDB17824C54E50007C05A9 /* Main.storyboard */,
				26CDB17424C54E50007C05A9 /* SceneDelegate.swift */,
				26CDB22E24C550CE007C05A9 /* src */,
				26CDB23124C5678F007C05A9 /* Util */,
			);
			path = txtReader;
			sourceTree = "<group>";
		};
		26CDB18624C54ECE007C05A9 /* DZMeBookRead */ = {
			isa = PBXGroup;
			children = (
				26CDB1C624C54ECF007C05A9 /* DZMReadConfigure.swift */,
				26CDB1D524C54ECF007C05A9 /* DZMReadController.swift */,
				26CDB1E624C54ECF007C05A9 /* DZMReadController+EffectType.swift */,
				26CDB18724C54ECE007C05A9 /* DZMReadController+Operation.swift */,
				26CDB1C724C54ECF007C05A9 /* menuUI */,
				26CDB1D624C54ECF007C05A9 /* model */,
				26CDB18E24C54ECE007C05A9 /* other */,
				26CDB1C224C54ECF007C05A9 /* ReadParser */,
				26CDB1B424C54ECE007C05A9 /* ReadView */,
				26CDB1DE24C54ECF007C05A9 /* view */,
			);
			path = DZMeBookRead;
			sourceTree = "<group>";
		};
		26CDB18E24C54ECE007C05A9 /* other */ = {
			isa = PBXGroup;
			children = (
				26CDB19024C54ECE007C05A9 /* extension */,
				26CDB19324C54ECE007C05A9 /* public */,
				26CDB19924C54ECE007C05A9 /* custom */,
				26CDB19D24C54ECE007C05A9 /* thirdParty */,
				26CDB1B124C54ECE007C05A9 /* base */,
			);
			path = other;
			sourceTree = "<group>";
		};
		26CDB19024C54ECE007C05A9 /* extension */ = {
			isa = PBXGroup;
			children = (
				26CDB19124C54ECE007C05A9 /* String+Extension.swift */,
				26CDB19224C54ECE007C05A9 /* UIPageViewController+Extension.swift */,
			);
			path = extension;
			sourceTree = "<group>";
		};
		26CDB19324C54ECE007C05A9 /* public */ = {
			isa = PBXGroup;
			children = (
				26CDB19424C54ECE007C05A9 /* DZMPublic.swift */,
				26CDB19524C54ECE007C05A9 /* DZMSpaceList.swift */,
				26CDB19624C54ECE007C05A9 /* DZMColorList.swift */,
				26CDB19724C54ECE007C05A9 /* DZMEnumList.swift */,
				26CDB19824C54ECE007C05A9 /* DZMFontList.swift */,
			);
			path = public;
			sourceTree = "<group>";
		};
		26CDB19924C54ECE007C05A9 /* custom */ = {
			isa = PBXGroup;
			children = (
				26CDB19A24C54ECE007C05A9 /* DZMKeyedArchiver.swift */,
				26CDB19B24C54ECE007C05A9 /* DZMCoreText.swift */,
				26CDB19C24C54ECE007C05A9 /* DZMUserDefaults.swift */,
			);
			path = custom;
			sourceTree = "<group>";
		};
		26CDB19D24C54ECE007C05A9 /* thirdParty */ = {
			isa = PBXGroup;
			children = (
				26CDB19E24C54ECE007C05A9 /* DZMCoverController */,
				26CDB1A124C54ECE007C05A9 /* FDFullscreenPopGesture */,
				26CDB1A424C54ECE007C05A9 /* DZMSegmentedControl */,
				26CDB1A724C54ECE007C05A9 /* ASValueTrackingSlider */,
			);
			path = thirdParty;
			sourceTree = "<group>";
		};
		26CDB19E24C54ECE007C05A9 /* DZMCoverController */ = {
			isa = PBXGroup;
			children = (
				26CDB19F24C54ECE007C05A9 /* CoverController.h */,
				26CDB1A024C54ECE007C05A9 /* CoverController.m */,
			);
			path = DZMCoverController;
			sourceTree = "<group>";
		};
		26CDB1A124C54ECE007C05A9 /* FDFullscreenPopGesture */ = {
			isa = PBXGroup;
			children = (
				26CDB1A224C54ECE007C05A9 /* UINavigationController+FDFullscreenPopGesture.h */,
				26CDB1A324C54ECE007C05A9 /* UINavigationController+FDFullscreenPopGesture.m */,
			);
			path = FDFullscreenPopGesture;
			sourceTree = "<group>";
		};
		26CDB1A424C54ECE007C05A9 /* DZMSegmentedControl */ = {
			isa = PBXGroup;
			children = (
				26CDB1A524C54ECE007C05A9 /* SegmentedControl.m */,
				26CDB1A624C54ECE007C05A9 /* SegmentedControl.h */,
			);
			path = DZMSegmentedControl;
			sourceTree = "<group>";
		};
		26CDB1A724C54ECE007C05A9 /* ASValueTrackingSlider */ = {
			isa = PBXGroup;
			children = (
				26CDB1A824C54ECE007C05A9 /* ASValuePopUpView.h */,
				26CDB1A924C54ECE007C05A9 /* ASValueTrackingSlider.h */,
				26CDB1AA24C54ECE007C05A9 /* ASValuePopUpView.m */,
				26CDB1AB24C54ECE007C05A9 /* ASValueTrackingSlider.m */,
			);
			path = ASValueTrackingSlider;
			sourceTree = "<group>";
		};
		26CDB1B124C54ECE007C05A9 /* base */ = {
			isa = PBXGroup;
			children = (
				26CDB1B224C54ECE007C05A9 /* DZMTableView.swift */,
				26CDB1B324C54ECE007C05A9 /* DZMViewController.swift */,
			);
			path = base;
			sourceTree = "<group>";
		};
		26CDB1B424C54ECE007C05A9 /* ReadView */ = {
			isa = PBXGroup;
			children = (
				26CDB1B524C54ECF007C05A9 /* DZMReadViewScrollController.swift */,
				26CDB1B624C54ECF007C05A9 /* DZMReadLongPressViewController.swift */,
				26CDB1B724C54ECF007C05A9 /* DZMReadViewController.swift */,
				26CDB1B824C54ECF007C05A9 /* DZMReadViewBGController.swift */,
				26CDB1B924C54ECF007C05A9 /* view */,
			);
			path = ReadView;
			sourceTree = "<group>";
		};
		26CDB1B924C54ECF007C05A9 /* view */ = {
			isa = PBXGroup;
			children = (
				26CDB1BA24C54ECF007C05A9 /* DZMReadViewCell.swift */,
				26CDB1BB24C54ECF007C05A9 /* DZMReadHomeView.swift */,
				26CDB1BC24C54ECF007C05A9 /* DZMReadViewStatusBottomView.swift */,
				26CDB1BD24C54ECF007C05A9 /* DZMReadLongPressView.swift */,
				26CDB1BE24C54ECF007C05A9 /* DZMReadViewStatusTopView.swift */,
				26CDB1BF24C54ECF007C05A9 /* DZMReadLongPressCursorView.swift */,
				26CDB1C024C54ECF007C05A9 /* DZMReadView.swift */,
				26CDB1C124C54ECF007C05A9 /* DZMReadHomeViewCell.swift */,
			);
			path = view;
			sourceTree = "<group>";
		};
		26CDB1C224C54ECF007C05A9 /* ReadParser */ = {
			isa = PBXGroup;
			children = (
				26CDB1C324C54ECF007C05A9 /* DZMReadTextParser.swift */,
				26CDB1C424C54ECF007C05A9 /* DZMReadTextFastParser.swift */,
				26CDB1C524C54ECF007C05A9 /* DZMReadParser.swift */,
			);
			path = ReadParser;
			sourceTree = "<group>";
		};
		26CDB1C724C54ECF007C05A9 /* menuUI */ = {
			isa = PBXGroup;
			children = (
				26CDB1C824C54ECF007C05A9 /* DZMRMSettingView */,
				26CDB1CE24C54ECF007C05A9 /* DZMReadMenu.swift */,
				26CDB1CF24C54ECF007C05A9 /* DZMRMTopView.swift */,
				26CDB1D024C54ECF007C05A9 /* DZMRMBaseView.swift */,
				26CDB1D124C54ECF007C05A9 /* DZMRMBottomView */,
			);
			path = menuUI;
			sourceTree = "<group>";
		};
		26CDB1C824C54ECF007C05A9 /* DZMRMSettingView */ = {
			isa = PBXGroup;
			children = (
				26CDB1C924C54ECF007C05A9 /* DZMRMFontSizeView.swift */,
				26CDB1CA24C54ECF007C05A9 /* DZMRMFontTypeView.swift */,
				26CDB1CB24C54ECF007C05A9 /* DZMRMSettingView.swift */,
				26CDB1CC24C54ECF007C05A9 /* DZMRMEffectTypeView.swift */,
				26CDB1CD24C54ECF007C05A9 /* DZMRMSpacingView.swift */,
			);
			path = DZMRMSettingView;
			sourceTree = "<group>";
		};
		26CDB1D124C54ECF007C05A9 /* DZMRMBottomView */ = {
			isa = PBXGroup;
			children = (
				26CDB1D224C54ECF007C05A9 /* DZMRMProgressView.swift */,
				26CDB1D324C54ECF007C05A9 /* DZMRMBottomView.swift */,
				26CDB1D424C54ECF007C05A9 /* DZMRMFuncView.swift */,
			);
			path = DZMRMBottomView;
			sourceTree = "<group>";
		};
		26CDB1D624C54ECF007C05A9 /* model */ = {
			isa = PBXGroup;
			children = (
				26CDB1D724C54ECF007C05A9 /* DZMReadRecordModel.swift */,
				26CDB1D824C54ECF007C05A9 /* DZMReadModel.swift */,
				26CDB1D924C54ECF007C05A9 /* DZMReadModel+Mark.swift */,
				26CDB1DA24C54ECF007C05A9 /* DZMReadChapterListModel.swift */,
				26CDB1DB24C54ECF007C05A9 /* DZMReadMarkModel.swift */,
				26CDB1DC24C54ECF007C05A9 /* DZMReadChapterModel.swift */,
				26CDB1DD24C54ECF007C05A9 /* DZMReadPageModel.swift */,
			);
			path = model;
			sourceTree = "<group>";
		};
		26CDB1DE24C54ECF007C05A9 /* view */ = {
			isa = PBXGroup;
			children = (
				26CDB1DF24C54ECF007C05A9 /* DZMReadLeftView */,
				26CDB1E524C54ECF007C05A9 /* DZMReadContentView.swift */,
			);
			path = view;
			sourceTree = "<group>";
		};
		26CDB1DF24C54ECF007C05A9 /* DZMReadLeftView */ = {
			isa = PBXGroup;
			children = (
				26CDB1E024C54ECF007C05A9 /* DZMReadCatalogCell.swift */,
				26CDB1E124C54ECF007C05A9 /* DZMReadCatalogView.swift */,
				26CDB1E224C54ECF007C05A9 /* DZMReadMarkCell.swift */,
				26CDB1E324C54ECF007C05A9 /* DZMReadMarkView.swift */,
				26CDB1E424C54ECF007C05A9 /* DZMReadLeftView.swift */,
			);
			path = DZMReadLeftView;
			sourceTree = "<group>";
		};
		26CDB22E24C550CE007C05A9 /* src */ = {
			isa = PBXGroup;
			children = (
				26CDB22F24C550CE007C05A9 /* 三国演义.txt */,
			);
			path = src;
			sourceTree = "<group>";
		};
		26CDB23124C5678F007C05A9 /* Util */ = {
			isa = PBXGroup;
			children = (
				26CDB23224C5678F007C05A9 /* IndexPathMore.swift */,
				26CDB23324C5678F007C05A9 /* ArrayMore.swift */,
				26CDB23424C5678F007C05A9 /* NSRangeMore.swift */,
				26CDB23524C5678F007C05A9 /* FloatMore.swift */,
				26CDB23624C5678F007C05A9 /* NSNumberMore.swift */,
				265D34B524C7E37200A33686 /* NotificationMore.swift */,
			);
			path = Util;
			sourceTree = "<group>";
		};
/* End PBXGroup section */

/* Begin PBXNativeTarget section */
		26CDB16E24C54E50007C05A9 /* txtReader */ = {
			isa = PBXNativeTarget;
			buildConfigurationList = 26CDB18324C54E55007C05A9 /* Build configuration list for PBXNativeTarget "txtReader" */;
			buildPhases = (
				26CDB16B24C54E50007C05A9 /* Sources */,
				26CDB16C24C54E50007C05A9 /* Frameworks */,
				26CDB16D24C54E50007C05A9 /* Resources */,
			);
			buildRules = (
			);
			dependencies = (
			);
			name = txtReader;
			productName = txtReader;
			productReference = 26CDB16F24C54E50007C05A9 /* txtReader.app */;
			productType = "com.apple.product-type.application";
		};
/* End PBXNativeTarget section */

/* Begin PBXProject section */
		26CDB16724C54E50007C05A9 /* Project object */ = {
			isa = PBXProject;
			attributes = {
				LastSwiftUpdateCheck = 1150;
				LastUpgradeCheck = 1150;
				ORGANIZATIONNAME = "Jz D";
				TargetAttributes = {
					26CDB16E24C54E50007C05A9 = {
						CreatedOnToolsVersion = 11.5;
					};
				};
			};
			buildConfigurationList = 26CDB16A24C54E50007C05A9 /* Build configuration list for PBXProject "txtReader" */;
			compatibilityVersion = "Xcode 9.3";
			developmentRegion = en;
			hasScannedForEncodings = 0;
			knownRegions = (
				en,
				Base,
			);
			mainGroup = 26CDB16624C54E50007C05A9;
			productRefGroup = 26CDB17024C54E50007C05A9 /* Products */;
			projectDirPath = "";
			projectRoot = "";
			targets = (
				26CDB16E24C54E50007C05A9 /* txtReader */,
			);
		};
/* End PBXProject section */

/* Begin PBXResourcesBuildPhase section */
		26CDB16D24C54E50007C05A9 /* Resources */ = {
			isa = PBXResourcesBuildPhase;
			buildActionMask = 2147483647;
			files = (
				26CDB17F24C54E55007C05A9 /* LaunchScreen.storyboard in Resources */,
				26CDB17C24C54E55007C05A9 /* Assets.xcassets in Resources */,
				26CDB17A24C54E50007C05A9 /* Main.storyboard in Resources */,
				26CDB23024C550CE007C05A9 /* 三国演义.txt in Resources */,
			);
			runOnlyForDeploymentPostprocessing = 0;
		};
/* End PBXResourcesBuildPhase section */

/* Begin PBXSourcesBuildPhase section */
		26CDB16B24C54E50007C05A9 /* Sources */ = {
			isa = PBXSourcesBuildPhase;
			buildActionMask = 2147483647;
			files = (
				26CDB20B24C54ECF007C05A9 /* DZMReadView.swift in Sources */,
				26CDB20424C54ECF007C05A9 /* DZMReadViewBGController.swift in Sources */,
				26CDB1F624C54ECF007C05A9 /* DZMUserDefaults.swift in Sources */,
				26CDB20D24C54ECF007C05A9 /* DZMReadTextParser.swift in Sources */,
				26CDB21924C54ECF007C05A9 /* DZMRMProgressView.swift in Sources */,
				26CDB1EF24C54ECF007C05A9 /* DZMPublic.swift in Sources */,
				26CDB1F024C54ECF007C05A9 /* DZMSpaceList.swift in Sources */,
				26CDB20724C54ECF007C05A9 /* DZMReadViewStatusBottomView.swift in Sources */,
				26CDB22424C54ECF007C05A9 /* DZMReadCatalogCell.swift in Sources */,
				26CDB1F424C54ECF007C05A9 /* DZMKeyedArchiver.swift in Sources */,
				26CDB22224C54ECF007C05A9 /* DZMReadChapterModel.swift in Sources */,
				26CDB22924C54ECF007C05A9 /* DZMReadContentView.swift in Sources */,
				26CDB1F724C54ECF007C05A9 /* CoverController.m in Sources */,
				26CDB21324C54ECF007C05A9 /* DZMRMSettingView.swift in Sources */,
				26CDB22324C54ECF007C05A9 /* DZMReadPageModel.swift in Sources */,
				265D34B624C7E37200A33686 /* NotificationMore.swift in Sources */,
				26CDB1FA24C54ECF007C05A9 /* ASValuePopUpView.m in Sources */,
				26CDB1F524C54ECF007C05A9 /* DZMCoreText.swift in Sources */,
				26CDB20824C54ECF007C05A9 /* DZMReadLongPressView.swift in Sources */,
				26CDB20F24C54ECF007C05A9 /* DZMReadParser.swift in Sources */,
				26CDB22A24C54ECF007C05A9 /* DZMReadController+EffectType.swift in Sources */,
				26CDB23724C5678F007C05A9 /* IndexPathMore.swift in Sources */,
				26CDB21C24C54ECF007C05A9 /* DZMReadController.swift in Sources */,
				26CDB21724C54ECF007C05A9 /* DZMRMTopView.swift in Sources */,
				26CDB21A24C54ECF007C05A9 /* DZMRMBottomView.swift in Sources */,
				26CDB21F24C54ECF007C05A9 /* DZMReadModel+Mark.swift in Sources */,
				26CDB21424C54ECF007C05A9 /* DZMRMEffectTypeView.swift in Sources */,
				26CDB22724C54ECF007C05A9 /* DZMReadMarkView.swift in Sources */,
				26CDB1EE24C54ECF007C05A9 /* UIPageViewController+Extension.swift in Sources */,
				26CDB21224C54ECF007C05A9 /* DZMRMFontTypeView.swift in Sources */,
				26CDB1F824C54ECF007C05A9 /* UINavigationController+FDFullscreenPopGesture.m in Sources */,
				26CDB20924C54ECF007C05A9 /* DZMReadViewStatusTopView.swift in Sources */,
				26CDB23A24C5678F007C05A9 /* FloatMore.swift in Sources */,
				26CDB20324C54ECF007C05A9 /* DZMReadViewController.swift in Sources */,
				26CDB1E724C54ECF007C05A9 /* DZMReadController+Operation.swift in Sources */,
				26CDB22024C54ECF007C05A9 /* DZMReadChapterListModel.swift in Sources */,
				26CDB22C24C54F13007C05A9 /* DZMMainController.swift in Sources */,
				26CDB17324C54E50007C05A9 /* AppDelegate.swift in Sources */,
				26CDB23924C5678F007C05A9 /* NSRangeMore.swift in Sources */,
				26CDB20524C54ECF007C05A9 /* DZMReadViewCell.swift in Sources */,
				26CDB1F324C54ECF007C05A9 /* DZMFontList.swift in Sources */,
				26CDB1FB24C54ECF007C05A9 /* ASValueTrackingSlider.m in Sources */,
				26CDB22124C54ECF007C05A9 /* DZMReadMarkModel.swift in Sources */,
				26CDB1F224C54ECF007C05A9 /* DZMEnumList.swift in Sources */,
				26CDB21624C54ECF007C05A9 /* DZMReadMenu.swift in Sources */,
				26CDB22824C54ECF007C05A9 /* DZMReadLeftView.swift in Sources */,
				26CDB1ED24C54ECF007C05A9 /* String+Extension.swift in Sources */,
				26CDB17524C54E50007C05A9 /* SceneDelegate.swift in Sources */,
				26CDB20024C54ECF007C05A9 /* DZMViewController.swift in Sources */,
				26CDB23B24C5678F007C05A9 /* NSNumberMore.swift in Sources */,
				26CDB21824C54ECF007C05A9 /* DZMRMBaseView.swift in Sources */,
				26CDB20224C54ECF007C05A9 /* DZMReadLongPressViewController.swift in Sources */,
				26CDB22524C54ECF007C05A9 /* DZMReadCatalogView.swift in Sources */,
				26CDB21B24C54ECF007C05A9 /* DZMRMFuncView.swift in Sources */,
				26CDB20124C54ECF007C05A9 /* DZMReadViewScrollController.swift in Sources */,
				26CDB20C24C54ECF007C05A9 /* DZMReadHomeViewCell.swift in Sources */,
				26CDB21E24C54ECF007C05A9 /* DZMReadModel.swift in Sources */,
				26CDB20624C54ECF007C05A9 /* DZMReadHomeView.swift in Sources */,
				26CDB21124C54ECF007C05A9 /* DZMRMFontSizeView.swift in Sources */,
				26CDB21024C54ECF007C05A9 /* DZMReadConfigure.swift in Sources */,
				26CDB22624C54ECF007C05A9 /* DZMReadMarkCell.swift in Sources */,
				26CDB20E24C54ECF007C05A9 /* DZMReadTextFastParser.swift in Sources */,
				26CDB21D24C54ECF007C05A9 /* DZMReadRecordModel.swift in Sources */,
				26CDB21524C54ECF007C05A9 /* DZMRMSpacingView.swift in Sources */,
				26CDB1F924C54ECF007C05A9 /* SegmentedControl.m in Sources */,
				26CDB1F124C54ECF007C05A9 /* DZMColorList.swift in Sources */,
				26CDB20A24C54ECF007C05A9 /* DZMReadLongPressCursorView.swift in Sources */,
				26CDB23824C5678F007C05A9 /* ArrayMore.swift in Sources */,
				26CDB1FF24C54ECF007C05A9 /* DZMTableView.swift in Sources */,
			);
			runOnlyForDeploymentPostprocessing = 0;
		};
/* End PBXSourcesBuildPhase section */

/* Begin PBXVariantGroup section */
		26CDB17824C54E50007C05A9 /* Main.storyboard */ = {
			isa = PBXVariantGroup;
			children = (
				26CDB17924C54E50007C05A9 /* Base */,
			);
			name = Main.storyboard;
			sourceTree = "<group>";
		};
		26CDB17D24C54E55007C05A9 /* LaunchScreen.storyboard */ = {
			isa = PBXVariantGroup;
			children = (
				26CDB17E24C54E55007C05A9 /* Base */,
			);
			name = LaunchScreen.storyboard;
			sourceTree = "<group>";
		};
/* End PBXVariantGroup section */

/* Begin XCBuildConfiguration section */
		26CDB18124C54E55007C05A9 /* Debug */ = {
			isa = XCBuildConfiguration;
			buildSettings = {
				ALWAYS_SEARCH_USER_PATHS = NO;
				CLANG_ANALYZER_NONNULL = YES;
				CLANG_ANALYZER_NUMBER_OBJECT_CONVERSION = YES_AGGRESSIVE;
				CLANG_CXX_LANGUAGE_STANDARD = "gnu++14";
				CLANG_CXX_LIBRARY = "libc++";
				CLANG_ENABLE_MODULES = YES;
				CLANG_ENABLE_OBJC_ARC = YES;
				CLANG_ENABLE_OBJC_WEAK = YES;
				CLANG_WARN_BLOCK_CAPTURE_AUTORELEASING = YES;
				CLANG_WARN_BOOL_CONVERSION = YES;
				CLANG_WARN_COMMA = YES;
				CLANG_WARN_CONSTANT_CONVERSION = YES;
				CLANG_WARN_DEPRECATED_OBJC_IMPLEMENTATIONS = YES;
				CLANG_WARN_DIRECT_OBJC_ISA_USAGE = YES_ERROR;
				CLANG_WARN_DOCUMENTATION_COMMENTS = YES;
				CLANG_WARN_EMPTY_BODY = YES;
				CLANG_WARN_ENUM_CONVERSION = YES;
				CLANG_WARN_INFINITE_RECURSION = YES;
				CLANG_WARN_INT_CONVERSION = YES;
				CLANG_WARN_NON_LITERAL_NULL_CONVERSION = YES;
				CLANG_WARN_OBJC_IMPLICIT_RETAIN_SELF = YES;
				CLANG_WARN_OBJC_LITERAL_CONVERSION = YES;
				CLANG_WARN_OBJC_ROOT_CLASS = YES_ERROR;
				CLANG_WARN_RANGE_LOOP_ANALYSIS = YES;
				CLANG_WARN_STRICT_PROTOTYPES = YES;
				CLANG_WARN_SUSPICIOUS_MOVE = YES;
				CLANG_WARN_UNGUARDED_AVAILABILITY = YES_AGGRESSIVE;
				CLANG_WARN_UNREACHABLE_CODE = YES;
				CLANG_WARN__DUPLICATE_METHOD_MATCH = YES;
				COPY_PHASE_STRIP = NO;
				DEBUG_INFORMATION_FORMAT = dwarf;
				ENABLE_STRICT_OBJC_MSGSEND = YES;
				ENABLE_TESTABILITY = YES;
				GCC_C_LANGUAGE_STANDARD = gnu11;
				GCC_DYNAMIC_NO_PIC = NO;
				GCC_NO_COMMON_BLOCKS = YES;
				GCC_OPTIMIZATION_LEVEL = 0;
				GCC_PREPROCESSOR_DEFINITIONS = (
					"DEBUG=1",
					"$(inherited)",
				);
				GCC_WARN_64_TO_32_BIT_CONVERSION = YES;
				GCC_WARN_ABOUT_RETURN_TYPE = YES_ERROR;
				GCC_WARN_UNDECLARED_SELECTOR = YES;
				GCC_WARN_UNINITIALIZED_AUTOS = YES_AGGRESSIVE;
				GCC_WARN_UNUSED_FUNCTION = YES;
				GCC_WARN_UNUSED_VARIABLE = YES;
				IPHONEOS_DEPLOYMENT_TARGET = 13.5;
				MTL_ENABLE_DEBUG_INFO = INCLUDE_SOURCE;
				MTL_FAST_MATH = YES;
				ONLY_ACTIVE_ARCH = YES;
				SDKROOT = iphoneos;
				SWIFT_ACTIVE_COMPILATION_CONDITIONS = DEBUG;
				SWIFT_OPTIMIZATION_LEVEL = "-Onone";
			};
			name = Debug;
		};
		26CDB18224C54E55007C05A9 /* Release */ = {
			isa = XCBuildConfiguration;
			buildSettings = {
				ALWAYS_SEARCH_USER_PATHS = NO;
				CLANG_ANALYZER_NONNULL = YES;
				CLANG_ANALYZER_NUMBER_OBJECT_CONVERSION = YES_AGGRESSIVE;
				CLANG_CXX_LANGUAGE_STANDARD = "gnu++14";
				CLANG_CXX_LIBRARY = "libc++";
				CLANG_ENABLE_MODULES = YES;
				CLANG_ENABLE_OBJC_ARC = YES;
				CLANG_ENABLE_OBJC_WEAK = YES;
				CLANG_WARN_BLOCK_CAPTURE_AUTORELEASING = YES;
				CLANG_WARN_BOOL_CONVERSION = YES;
				CLANG_WARN_COMMA = YES;
				CLANG_WARN_CONSTANT_CONVERSION = YES;
				CLANG_WARN_DEPRECATED_OBJC_IMPLEMENTATIONS = YES;
				CLANG_WARN_DIRECT_OBJC_ISA_USAGE = YES_ERROR;
				CLANG_WARN_DOCUMENTATION_COMMENTS = YES;
				CLANG_WARN_EMPTY_BODY = YES;
				CLANG_WARN_ENUM_CONVERSION = YES;
				CLANG_WARN_INFINITE_RECURSION = YES;
				CLANG_WARN_INT_CONVERSION = YES;
				CLANG_WARN_NON_LITERAL_NULL_CONVERSION = YES;
				CLANG_WARN_OBJC_IMPLICIT_RETAIN_SELF = YES;
				CLANG_WARN_OBJC_LITERAL_CONVERSION = YES;
				CLANG_WARN_OBJC_ROOT_CLASS = YES_ERROR;
				CLANG_WARN_RANGE_LOOP_ANALYSIS = YES;
				CLANG_WARN_STRICT_PROTOTYPES = YES;
				CLANG_WARN_SUSPICIOUS_MOVE = YES;
				CLANG_WARN_UNGUARDED_AVAILABILITY = YES_AGGRESSIVE;
				CLANG_WARN_UNREACHABLE_CODE = YES;
				CLANG_WARN__DUPLICATE_METHOD_MATCH = YES;
				COPY_PHASE_STRIP = NO;
				DEBUG_INFORMATION_FORMAT = "dwarf-with-dsym";
				ENABLE_NS_ASSERTIONS = NO;
				ENABLE_STRICT_OBJC_MSGSEND = YES;
				GCC_C_LANGUAGE_STANDARD = gnu11;
				GCC_NO_COMMON_BLOCKS = YES;
				GCC_WARN_64_TO_32_BIT_CONVERSION = YES;
				GCC_WARN_ABOUT_RETURN_TYPE = YES_ERROR;
				GCC_WARN_UNDECLARED_SELECTOR = YES;
				GCC_WARN_UNINITIALIZED_AUTOS = YES_AGGRESSIVE;
				GCC_WARN_UNUSED_FUNCTION = YES;
				GCC_WARN_UNUSED_VARIABLE = YES;
				IPHONEOS_DEPLOYMENT_TARGET = 13.5;
				MTL_ENABLE_DEBUG_INFO = NO;
				MTL_FAST_MATH = YES;
				SDKROOT = iphoneos;
				SWIFT_COMPILATION_MODE = wholemodule;
				SWIFT_OPTIMIZATION_LEVEL = "-O";
				VALIDATE_PRODUCT = YES;
			};
			name = Release;
		};
		26CDB18424C54E55007C05A9 /* Debug */ = {
			isa = XCBuildConfiguration;
			buildSettings = {
				ASSETCATALOG_COMPILER_APPICON_NAME = AppIcon;
				CODE_SIGN_STYLE = Automatic;
				DEVELOPMENT_TEAM = D878P8TW6L;
				INFOPLIST_FILE = txtReader/Info.plist;
				IPHONEOS_DEPLOYMENT_TARGET = 13.0;
				LD_RUNPATH_SEARCH_PATHS = (
					"$(inherited)",
					"@executable_path/Frameworks",
				);
				OTHER_LDFLAGS = "-ObjC";
				PRODUCT_BUNDLE_IDENTIFIER = com.photod.mnc.txtReader;
				PRODUCT_NAME = "$(TARGET_NAME)";
				SWIFT_OBJC_BRIDGING_HEADER = "${SRCROOT}/txtReader/Bridging-Pch.h";
				SWIFT_VERSION = 5.0;
				TARGETED_DEVICE_FAMILY = "1,2";
			};
			name = Debug;
		};
		26CDB18524C54E55007C05A9 /* Release */ = {
			isa = XCBuildConfiguration;
			buildSettings = {
				ASSETCATALOG_COMPILER_APPICON_NAME = AppIcon;
				CODE_SIGN_STYLE = Automatic;
				DEVELOPMENT_TEAM = D878P8TW6L;
				INFOPLIST_FILE = txtReader/Info.plist;
				IPHONEOS_DEPLOYMENT_TARGET = 13.0;
				LD_RUNPATH_SEARCH_PATHS = (
					"$(inherited)",
					"@executable_path/Frameworks",
				);
				OTHER_LDFLAGS = "-ObjC";
				PRODUCT_BUNDLE_IDENTIFIER = com.photod.mnc.txtReader;
				PRODUCT_NAME = "$(TARGET_NAME)";
				SWIFT_OBJC_BRIDGING_HEADER = "${SRCROOT}/txtReader/Bridging-Pch.h";
				SWIFT_VERSION = 5.0;
				TARGETED_DEVICE_FAMILY = "1,2";
			};
			name = Release;
		};
/* End XCBuildConfiguration section */

/* Begin XCConfigurationList section */
		26CDB16A24C54E50007C05A9 /* Build configuration list for PBXProject "txtReader" */ = {
			isa = XCConfigurationList;
			buildConfigurations = (
				26CDB18124C54E55007C05A9 /* Debug */,
				26CDB18224C54E55007C05A9 /* Release */,
			);
			defaultConfigurationIsVisible = 0;
			defaultConfigurationName = Release;
		};
		26CDB18324C54E55007C05A9 /* Build configuration list for PBXNativeTarget "txtReader" */ = {
			isa = XCConfigurationList;
			buildConfigurations = (
				26CDB18424C54E55007C05A9 /* Debug */,
				26CDB18524C54E55007C05A9 /* Release */,
			);
			defaultConfigurationIsVisible = 0;
			defaultConfigurationName = Release;
		};
/* End XCConfigurationList section */
	};
	rootObject = 26CDB16724C54E50007C05A9 /* Project object */;
}
